
Microsoft Visual Studio Solution File, Format Version 12.00
# Visual Studio Version 17
VisualStudioVersion = 17.10.34928.147
MinimumVisualStudioVersion = 10.0.40219.1
Project("{FAE04EC0-301F-11D3-BF4B-00C04F79EFBC}") = "EMMA", "EMMA\EMMA.csproj", "{ACBD0F89-02FA-4190-ADB0-7B42BA665097}"
EndProject
Global
	GlobalSection(SolutionConfigurationPlatforms) = preSolution
		Debug|Any CPU = Debug|Any CPU
		Release|Any CPU = Release|Any CPU
	EndGlobalSection
	GlobalSection(ProjectConfigurationPlatforms) = postSolution
		{ACBD0F89-02FA-4190-ADB0-7B42BA665097}.Debug|Any CPU.ActiveCfg = Debug|Any CPU
		{ACBD0F89-02FA-4190-ADB0-7B42BA665097}.Debug|Any CPU.Build.0 = Debug|Any CPU
		{ACBD0F89-02FA-4190-ADB0-7B42BA665097}.Release|Any CPU.ActiveCfg = Release|Any CPU
		{ACBD0F89-02FA-4190-ADB0-7B42BA665097}.Release|Any CPU.Build.0 = Release|Any CPU
	EndGlobalSection
	GlobalSection(SolutionProperties) = preSolution
		HideSolutionNode = FALSE
	EndGlobalSection
	GlobalSection(ExtensibilityGlobals) = postSolution
		SolutionGuid = {EE4C7AD0-3DCB-4D6A-9BD0-951CFD2967B5}
	EndGlobalSection
EndGlobal
