
Microsoft Visual Studio Solution File, Format Version 12.00
# Visual Studio Version 17
VisualStudioVersion = 17.10.35013.160
MinimumVisualStudioVersion = 10.0.40219.1
Project("{9A19103F-16F7-4668-BE54-9A1E7A4F7556}") = "Generator", "Generator\Generator.csproj", "{FD59B833-B7E9-4DCF-8E7E-24B2A02B5878}"
EndProject
Project("{9A19103F-16F7-4668-BE54-9A1E7A4F7556}") = "EditorDB", "EditorDB\EditorDB.csproj", "{860E084B-B519-4620-A60D-F42492DBAC17}"
EndProject
Global
	GlobalSection(SolutionConfigurationPlatforms) = preSolution
		Debug|Any CPU = Debug|Any CPU
		Release|Any CPU = Release|Any CPU
	EndGlobalSection
	GlobalSection(ProjectConfigurationPlatforms) = postSolution
		{FD59B833-B7E9-4DCF-8E7E-24B2A02B5878}.Debug|Any CPU.ActiveCfg = Debug|Any CPU
		{FD59B833-B7E9-4DCF-8E7E-24B2A02B5878}.Debug|Any CPU.Build.0 = Debug|Any CPU
		{FD59B833-B7E9-4DCF-8E7E-24B2A02B5878}.Release|Any CPU.ActiveCfg = Release|Any CPU
		{FD59B833-B7E9-4DCF-8E7E-24B2A02B5878}.Release|Any CPU.Build.0 = Release|Any CPU
		{860E084B-B519-4620-A60D-F42492DBAC17}.Debug|Any CPU.ActiveCfg = Debug|Any CPU
		{860E084B-B519-4620-A60D-F42492DBAC17}.Debug|Any CPU.Build.0 = Debug|Any CPU
		{860E084B-B519-4620-A60D-F42492DBAC17}.Release|Any CPU.ActiveCfg = Release|Any CPU
		{860E084B-B519-4620-A60D-F42492DBAC17}.Release|Any CPU.Build.0 = Release|Any CPU
	EndGlobalSection
	GlobalSection(SolutionProperties) = preSolution
		HideSolutionNode = FALSE
	EndGlobalSection
	GlobalSection(ExtensibilityGlobals) = postSolution
		SolutionGuid = {9F69AE0F-E7B6-4694-B66E-1827F3AEFA84}
	EndGlobalSection
EndGlobal
