
Microsoft Visual Studio Solution File, Format Version 12.00
# Visual Studio Version 17
VisualStudioVersion = 17.10.34928.147
MinimumVisualStudioVersion = 10.0.40219.1
Project("{9A19103F-16F7-4668-BE54-9A1E7A4F7556}") = "EMMA_FE", "EMMA_FE\EMMA_FE.csproj", "{1AFCC414-CE76-4893-94AD-7A3198444972}"
EndProject
Project("{9A19103F-16F7-4668-BE54-9A1E7A4F7556}") = "EMMA.Generated", "EMMA.Generated\EMMA.Generated.csproj", "{8348C62D-E280-40D4-8705-E8BDDADF0E15}"
EndProject
Project("{9A19103F-16F7-4668-BE54-9A1E7A4F7556}") = "EMMA.Commons", "EMMA.Commons\EMMA.Commons.csproj", "{129AAEF5-B495-4631-B878-C531CCCD0210}"
EndProject
Global
	GlobalSection(SolutionConfigurationPlatforms) = preSolution
		Debug|Any CPU = Debug|Any CPU
		Release|Any CPU = Release|Any CPU
	EndGlobalSection
	GlobalSection(ProjectConfigurationPlatforms) = postSolution
		{1AFCC414-CE76-4893-94AD-7A3198444972}.Debug|Any CPU.ActiveCfg = Debug|Any CPU
		{1AFCC414-CE76-4893-94AD-7A3198444972}.Debug|Any CPU.Build.0 = Debug|Any CPU
		{1AFCC414-CE76-4893-94AD-7A3198444972}.Release|Any CPU.ActiveCfg = Release|Any CPU
		{1AFCC414-CE76-4893-94AD-7A3198444972}.Release|Any CPU.Build.0 = Release|Any CPU
		{8348C62D-E280-40D4-8705-E8BDDADF0E15}.Debug|Any CPU.ActiveCfg = Debug|Any CPU
		{8348C62D-E280-40D4-8705-E8BDDADF0E15}.Debug|Any CPU.Build.0 = Debug|Any CPU
		{8348C62D-E280-40D4-8705-E8BDDADF0E15}.Release|Any CPU.ActiveCfg = Release|Any CPU
		{8348C62D-E280-40D4-8705-E8BDDADF0E15}.Release|Any CPU.Build.0 = Release|Any CPU
		{129AAEF5-B495-4631-B878-C531CCCD0210}.Debug|Any CPU.ActiveCfg = Debug|Any CPU
		{129AAEF5-B495-4631-B878-C531CCCD0210}.Debug|Any CPU.Build.0 = Debug|Any CPU
		{129AAEF5-B495-4631-B878-C531CCCD0210}.Release|Any CPU.ActiveCfg = Release|Any CPU
		{129AAEF5-B495-4631-B878-C531CCCD0210}.Release|Any CPU.Build.0 = Release|Any CPU
	EndGlobalSection
	GlobalSection(SolutionProperties) = preSolution
		HideSolutionNode = FALSE
	EndGlobalSection
	GlobalSection(ExtensibilityGlobals) = postSolution
		SolutionGuid = {EE4C7AD0-3DCB-4D6A-9BD0-951CFD2967B5}
	EndGlobalSection
EndGlobal
